
Microsoft Visual Studio Solution File, Format Version 12.00
# Visual Studio Version 17
VisualStudioVersion = 17.13.35931.197
MinimumVisualStudioVersion = 10.0.40219.1
Project("{FAE04EC0-301F-11D3-BF4B-00C04F79EFBC}") = "train_management_system", "train_management_system.csproj", "{43BC55D1-E65D-4193-9DA7-7B19294C1C72}"
EndProject
Project("{2150E333-8FDC-42A3-9474-1A3956D46DE8}") = ".github", ".github", "{02EA681E-C7D8-13C7-8484-4AC65E1B71E8}"
	ProjectSection(SolutionItems) = preProject
		dotnet.yml = dotnet.yml
	EndProjectSection
EndProject
Project("{2150E333-8FDC-42A3-9474-1A3956D46DE8}") = "workflows", "workflows", "{CDE5ECD4-68E9-4F4A-979E-E7988EB5B24E}"
	ProjectSection(SolutionItems) = preProject
		dotnet.yml = dotnet.yml
	EndProjectSection
EndProject
Project("{2150E333-8FDC-42A3-9474-1A3956D46DE8}") = "Solution Items", "Solution Items", "{8EC462FD-D22E-90A8-E5CE-7E832BA40C5D}"
	ProjectSection(SolutionItems) = preProject
		.gitignore = .gitignore
	EndProjectSection
EndProject
Global
	GlobalSection(SolutionConfigurationPlatforms) = preSolution
		Debug|Any CPU = Debug|Any CPU
		Release|Any CPU = Release|Any CPU
	EndGlobalSection
	GlobalSection(ProjectConfigurationPlatforms) = postSolution
		{43BC55D1-E65D-4193-9DA7-7B19294C1C72}.Debug|Any CPU.ActiveCfg = Debug|Any CPU
		{43BC55D1-E65D-4193-9DA7-7B19294C1C72}.Debug|Any CPU.Build.0 = Debug|Any CPU
		{43BC55D1-E65D-4193-9DA7-7B19294C1C72}.Release|Any CPU.ActiveCfg = Release|Any CPU
		{43BC55D1-E65D-4193-9DA7-7B19294C1C72}.Release|Any CPU.Build.0 = Release|Any CPU
	EndGlobalSection
	GlobalSection(SolutionProperties) = preSolution
		HideSolutionNode = FALSE
	EndGlobalSection
	GlobalSection(NestedProjects) = preSolution
		{CDE5ECD4-68E9-4F4A-979E-E7988EB5B24E} = {02EA681E-C7D8-13C7-8484-4AC65E1B71E8}
	EndGlobalSection
	GlobalSection(ExtensibilityGlobals) = postSolution
		SolutionGuid = {59B872B0-6432-427A-89AC-0E11AB1FAF3D}
	EndGlobalSection
EndGlobal
